# This file is autogenerated, do not edit; changes may be undone by the next 'dep ensure'.


[[projects]]
  digest = "1:54e00e0d226aea84d6ded343fef20ce3bf93594d06268f6645181f888754b675"
  name = "github.com/Financial-Times/api-endpoint"
  packages = ["."]
  pruneopts = "UT"
  revision = "d9f326a291cc08362746471b16b3533472b1d4da"
  version = "0.0.2"

[[projects]]
  digest = "1:4fe570eca4e4190605fc40170a4ba0e66caf7c261b991f39dbcd185c2e6baf2d"
  name = "github.com/Financial-Times/base-ft-rw-app-go"
  packages = ["baseftrwapp"]
  pruneopts = "UT"
  revision = "74eab27b0c6d6044fd326183ddd37ea8ac0e236e"
  version = "1.0.3"

[[projects]]
  digest = "1:07d78c270283129266065884b071c9a526533b601a6835f9acfc2ffbe1251a47"
  name = "github.com/Financial-Times/content-collection-rw-neo4j"
  packages = ["collection"]
  pruneopts = "UT"
  revision = "b3ba6c46f8d790a7c9725420e021af16dc389fe2"
  version = "1.0.1"

[[projects]]
  digest = "1:04dd1fd05f5c1c15b11fc776ce309df99ba421fc8eb2990dd78ad2d6ff2e8779"
  name = "github.com/Financial-Times/content-rw-neo4j"
  packages = ["content"]
  pruneopts = "UT"
  revision = "5543bceb064cf123f14ab7477966eb113481cd77"
  version = "2.2.0"

[[projects]]
  digest = "1:ac91e3632c89e46c4e757024bc4ffb9b7b33505ddfd95c44f7a367c73e86430f"
  name = "github.com/Financial-Times/go-fthealth"
  packages = ["v1_1"]
  pruneopts = "UT"
  revision = "ca83ad65381f2dac9c50f06e37fcd665a5300e15"
  version = "0.6.1"

[[projects]]
  digest = "1:ed7764f833c69827c95ecc7df89e6dd562b2663941f952f82c43dbac3d35c29e"
  name = "github.com/Financial-Times/go-logger"
  packages = ["."]
  pruneopts = "UT"
  revision = "febee6537e90971bab6f6fe60b71b4a0562dcab3"
  version = "1.0.0"

[[projects]]
  digest = "1:92da547d0414ad8a3f1a405503ee9b103cb87f5beabc52ef907f712f2ee1caf2"
  name = "github.com/Financial-Times/http-handlers-go"
  packages = ["httphandlers"]
  pruneopts = "UT"
  revision = "229ac16f1d9ec9bca485d2dafb9ec14dc7e9ba24"
  version = "0.1.1"

[[projects]]
  digest = "1:27ad831c4f3da525df0b813e6e44c8e577f95338037314659e479c3649a0a6f6"
  name = "github.com/Financial-Times/neo-model-utils-go"
  packages = ["mapper"]
  pruneopts = "UT"
  revision = "aea1e95c83055aaed6761c5e546400dd383fb220"
  version = "0.4.0"

[[projects]]
  digest = "1:03f1f7f2010b9c38e415587a0fe55d7974c81870abe375b555146a72601dee76"
  name = "github.com/Financial-Times/neo-utils-go"
  packages = ["neoutils"]
  pruneopts = "UT"
  revision = "1fe6ae2f38f38429be7b7d37252db41df5576cdd"

[[projects]]
  digest = "1:38fb8b63808d960f6982ff7c1a23ba4cf6dd0e47d35bf66d9e24c37e86a9b40b"
  name = "github.com/Financial-Times/relations-api"
  packages = ["relations"]
  pruneopts = "UT"
  revision = "5459f99667fa5a2af746b24e52310965cfa0af7e"
  version = "2.3.0"

[[projects]]
  digest = "1:79842a99b682a84375be78f0c6ba316d784eb347f8db2354c3a68fee39a497da"
  name = "github.com/Financial-Times/service-status-go"
  packages = [
    "buildinfo",
    "gtg",
    "httphandlers",
  ]
  pruneopts = "UT"
  revision = "3f5199736a3d7ae52394c63aac36834786825e21"
  version = "0.1.0"

[[projects]]
  digest = "1:38212fc0030b89d7be55aaf67bb91b273a4a14a026a3cee24b5e832ffe7e56ff"
  name = "github.com/Financial-Times/transactionid-utils-go"
  packages = ["."]
  pruneopts = "UT"
  revision = "df2f00c734957c9dd651ce23ab0e0902504c7636"
  version = "v0.2.0"

[[projects]]
  digest = "1:cd53695006485e7005389f4b479da43782960a4773f8223a56aff84406fa6698"
  name = "github.com/Financial-Times/up-rw-app-api-go"
  packages = ["rwapi"]
  pruneopts = "UT"
  revision = "d9d93a1f689538313d12fee6f5f10715cfe280e0"
  version = "1.0.0"

[[projects]]
  branch = "master"
  digest = "1:7b274cc72af687fe6eb618acd83b9601c4317fbe5ac1dfb41cc116e3495f68b0"
  name = "github.com/cyberdelia/go-metrics-graphite"
  packages = ["."]
  pruneopts = "UT"
  revision = "39f87cc3b432bbb898d7c643c0e93cac2bc865ad"

[[projects]]
  digest = "1:ffe9824d294da03b391f44e1ae8281281b4afc1bdaa9588c9097785e3af10cec"
  name = "github.com/davecgh/go-spew"
  packages = ["spew"]
  pruneopts = "UT"
  revision = "8991bc29aa16c548c550c7ff78260e27b9ab7c73"
  version = "v1.1.1"

[[projects]]
  digest = "1:c79fb010be38a59d657c48c6ba1d003a8aa651fa56b579d959d74573b7dff8e1"
  name = "github.com/gorilla/context"
  packages = ["."]
  pruneopts = "UT"
  revision = "08b5f424b9271eedf6f9f0ce86cb9396ed337a42"
  version = "v1.1.1"

[[projects]]
  digest = "1:c66b3c0f2086216b6e463220c388609efe971b2eaf5d705c4f329a8f7bb85e5a"
  name = "github.com/gorilla/mux"
  packages = ["."]
  pruneopts = "UT"
  revision = "a659b61323b075cb38ad03aa43749e52eb4948e0"

[[projects]]
  digest = "1:950caca7dfcf796419232ba996c9c3539d09f26af27ba848c4508e604c13efbb"
  name = "github.com/hashicorp/go-version"
  packages = ["."]
  pruneopts = "UT"
  revision = "d40cf49b3a77bba84a7afdbd7f1dc295d114efb1"
  version = "v1.1.0"

[[projects]]
  digest = "1:cd685a8b273acf671df4e26ec54c77c363d76eb80b554ed5374233a55f6e424f"
  name = "github.com/jawher/mow.cli"
  packages = [
    ".",
    "internal/container",
    "internal/flow",
    "internal/fsm",
    "internal/lexer",
    "internal/matcher",
    "internal/parser",
    "internal/values",
  ]
  pruneopts = "UT"
  revision = "2f22195f169da29d54624afd9eb83ada5c9e4ee9"
  version = "v1.0.4"

[[projects]]
  digest = "1:7902c7a299724335a6f73514193afb51c82f09893a467f65f679807a9bb2a884"
  name = "github.com/jmcvetta/neoism"
  packages = ["."]
  pruneopts = "UT"
  revision = "c37ec30845b63d9f168f55e837c787e08a15e9a6"
  version = "v1.3.1"

[[projects]]
  branch = "master"
  digest = "1:c32290d024281ffba4a3dd53d65e2e48103262b4757fc3fcb3d3470852753e7f"
  name = "github.com/jmcvetta/randutil"
  packages = ["."]
  pruneopts = "UT"
  revision = "2bb1b664bcff821e02b2a0644cd29c7e824d54f8"

[[projects]]
  digest = "1:ca955a9cd5b50b0f43d2cc3aeb35c951473eeca41b34eb67507f1dbcc0542394"
  name = "github.com/kr/pretty"
  packages = ["."]
  pruneopts = "UT"
  revision = "73f6ac0b30a98e433b289500d779f50c1a6f0712"
  version = "v0.1.0"

[[projects]]
  digest = "1:15b5cc79aad436d47019f814fde81a10221c740dc8ddf769221a65097fb6c2e9"
  name = "github.com/kr/text"
  packages = ["."]
  pruneopts = "UT"
  revision = "e2ffdb16a802fe2bb95e2e35ff34f0e53aeef34f"
  version = "v0.1.0"

[[projects]]
  digest = "1:0028cb19b2e4c3112225cd871870f2d9cf49b9b4276531f03438a88e94be86fe"
  name = "github.com/pmezard/go-difflib"
  packages = ["difflib"]
  pruneopts = "UT"
  revision = "792786c7400a136282c1664665ae0a8db921c6c2"
  version = "v1.0.0"

[[projects]]
  branch = "master"
  digest = "1:d38f81081a389f1466ec98192cf9115a82158854d6f01e1c23e2e7554b97db71"
  name = "github.com/rcrowley/go-metrics"
  packages = ["."]
  pruneopts = "UT"
  revision = "3113b8401b8a98917cde58f8bbd42a1b1c03b1fd"

[[projects]]
  digest = "1:274f67cb6fed9588ea2521ecdac05a6d62a8c51c074c1fccc6a49a40ba80e925"
  name = "github.com/satori/go.uuid"
  packages = ["."]
  pruneopts = "UT"
  revision = "f58768cc1a7a7e77a3bd49e98cdd21419399b6a3"
  version = "v1.2.0"

[[projects]]
  digest = "1:fb011abd58a582cf867409273f372fc6437eda670ff02055c47e6203e90466d7"
  name = "github.com/sirupsen/logrus"
  packages = ["."]
  pruneopts = "UT"
  revision = "89742aefa4b206dcf400792f3bd35b542998eb3b"

[[projects]]
  digest = "1:ac83cf90d08b63ad5f7e020ef480d319ae890c208f8524622a2f3136e2686b02"
  name = "github.com/stretchr/objx"
  packages = ["."]
  pruneopts = "UT"
  revision = "477a77ecc69700c7cdeb1fa9e129548e1c1c393c"
  version = "v0.1.1"

[[projects]]
  digest = "1:b762f96c1183763894e8dabbac5f8e8d5821754b6e2686a8c398a174b7a58ff5"
  name = "github.com/stretchr/testify"
  packages = [
    "assert",
    "mock",
    "require",
  ]
  pruneopts = "UT"
  revision = "ffdc059bfe9ce6a4e144ba849dbedead332c6053"
  version = "v1.3.0"

[[projects]]
  branch = "master"
  digest = "1:e4fe44b4ad457fd027f64318b963be3af4287bf5b842c0b621bf24f7dcdeccfb"
  name = "go4.org"
  packages = ["osutil"]
  pruneopts = "UT"
  revision = "00e24f1b25994999399dee600cb8f35a45f519dc"

[[projects]]
  branch = "master"
  digest = "1:38f553aff0273ad6f367cb0a0f8b6eecbaef8dc6cb8b50e57b6a81c1d5b1e332"
  name = "golang.org/x/crypto"
  packages = ["ssh/terminal"]
  pruneopts = "UT"
  revision = "ff983b9c42bc9fbf91556e191cc8efb585c16908"

[[projects]]
  branch = "master"
  digest = "1:76ee51c3f468493aff39dbacc401e8831fbb765104cbf613b89bef01cf4bad70"
  name = "golang.org/x/net"
  packages = ["context"]
  pruneopts = "UT"
  revision = "915654e7eabcea33ae277abbecf52f0d8b7a9fdc"

[[projects]]
  branch = "master"
  digest = "1:5ee4df7ab18e945607ac822de8d10b180baea263b5e8676a1041727543b9c1e4"
  name = "golang.org/x/sys"
  packages = [
    "unix",
    "windows",
  ]
  pruneopts = "UT"
  revision = "48ac38b7c8cbedd50b1613c0fccacfc7d88dfcdf"

[[projects]]
  digest = "1:c321f7496d1bbb2340c4e0a789d9d8d9b755be8cf51b865f5da042aae0f4986c"
  name = "gopkg.in/jmcvetta/napping.v3"
  packages = ["."]
  pruneopts = "UT"
  revision = "4c7b4b235c63152afa9a1c6384e708e0fbfd77ca"
  version = "v3.2.0"

[[projects]]
  digest = "1:4d2e5a73dc1500038e504a8d78b986630e3626dc027bc030ba5c75da257cdb96"
  name = "gopkg.in/yaml.v2"
  packages = ["."]
  pruneopts = "UT"
  revision = "51d6538a90f86fe93ac480b35f37b2be17fef232"
  version = "v2.2.2"

[solve-meta]
  analyzer-name = "dep"
  analyzer-version = 1
  input-imports = [
    "github.com/Financial-Times/base-ft-rw-app-go/baseftrwapp",
    "github.com/Financial-Times/content-collection-rw-neo4j/collection",
    "github.com/Financial-Times/content-rw-neo4j/content",
    "github.com/Financial-Times/go-fthealth/v1_1",
    "github.com/Financial-Times/go-logger",
    "github.com/Financial-Times/http-handlers-go/httphandlers",
    "github.com/Financial-Times/neo-model-utils-go/mapper",
    "github.com/Financial-Times/neo-utils-go/neoutils",
    "github.com/Financial-Times/relations-api/relations",
    "github.com/Financial-Times/service-status-go/gtg",
    "github.com/Financial-Times/service-status-go/httphandlers",
    "github.com/gorilla/mux",
    "github.com/jawher/mow.cli",
    "github.com/jmcvetta/neoism",
    "github.com/rcrowley/go-metrics",
    "github.com/satori/go.uuid",
    "github.com/stretchr/testify/assert",
    "github.com/stretchr/testify/mock",
    "github.com/stretchr/testify/require",
  ]
  solver-name = "gps-cdcl"
  solver-version = 1
